<?xml version="1.0" encoding="utf-8"?>
<Project ToolsVersion="4.0" xmlns="http://schemas.microsoft.com/developer/msbuild/2003">
  <ItemGroup>
    <Filter Include="Source Files">
      <UniqueIdentifier>{4FC737F1-C7A5-4376-A066-2A32D752A2FF}</UniqueIdentifier>
      <Extensions>cpp;c;cc;cxx;c++;cppm;ixx;def;odl;idl;hpj;bat;asm;asmx</Extensions>
    </Filter>
    <Filter Include="Header Files">
      <UniqueIdentifier>{93995380-89BD-4b04-88EB-625FBE52EBFB}</UniqueIdentifier>
      <Extensions>h;hh;hpp;hxx;h++;hm;inl;inc;ipp;xsd</Extensions>
    </Filter>
    <Filter Include="Resource Files">
      <UniqueIdentifier>{67DA6AB6-F800-4c08-8B7A-83BB121AAD01}</UniqueIdentifier>
      <Extensions>rc;ico;cur;bmp;dlg;rc2;rct;bin;rgs;gif;jpg;jpeg;jpe;resx;tiff;tif;png;wav;mfcribbon-ms</Extensions>
    </Filter>
  </ItemGroup>
  <ItemGroup>
    <ClCompile Include="Sources\Main.cpp">
      <Filter>Source Files</Filter>
    </ClCompile>
    <ClCompile Include="Sources\Member.cpp">
      <Filter>Source Files</Filter>
    </ClCompile>
    <ClCompile Include="Sources\Department.cpp">
      <Filter>Source Files</Filter>
    </ClCompile>
    <ClCompile Include="Sources\instructor.cpp">
      <Filter>Source Files</Filter>
    </ClCompile>
    <ClCompile Include="Sources\Dean.cpp">
      <Filter>Source Files</Filter>
    </ClCompile>
    <ClCompile Include="Sources\Classroom.cpp">
      <Filter>Source Files</Filter>
    </ClCompile>
    <ClCompile Include="Sources\Course.cpp">
      <Filter>Source Files</Filter>
    </ClCompile>
    <ClCompile Include="Sources\Comment.cpp">
      <Filter>Source Files</Filter>
    </ClCompile>
    <ClCompile Include="Sources\Student.cpp">
      <Filter>Source Files</Filter>
    </ClCompile>
    <ClCompile Include="Sources\Announcement.cpp">
      <Filter>Source Files</Filter>
    </ClCompile>
    <ClCompile Include="Sources\Assignment.cpp">
      <Filter>Source Files</Filter>
    </ClCompile>
    <ClCompile Include="Sources\Schedule.cpp">
      <Filter>Source Files</Filter>
    </ClCompile>
    <ClCompile Include="Sources\Petiton.cpp">
      <Filter>Source Files</Filter>
    </ClCompile>
    <ClCompile Include="Sources\Dashboard.cpp">
      <Filter>Source Files</Filter>
    </ClCompile>
    <ClCompile Include="Sources\Meeting.cpp">
      <Filter>Source Files</Filter>
    </ClCompile>
    <ClCompile Include="Sources\Task.cpp">
      <Filter>Source Files</Filter>
    </ClCompile>
    <ClCompile Include="Sources\Date.cpp">
      <Filter>Source Files</Filter>
    </ClCompile>
    <ClCompile Include="Sources\Message.cpp">
      <Filter>Source Files</Filter>
    </ClCompile>
    <ClCompile Include="Sources\Reply.cpp">
      <Filter>Source Files</Filter>
    </ClCompile>
  </ItemGroup>
  <ItemGroup>
    <ClInclude Include="Headers\Member.h">
      <Filter>Header Files</Filter>
    </ClInclude>
    <ClInclude Include="Headers\Department.h">
      <Filter>Header Files</Filter>
    </ClInclude>
    <ClInclude Include="Headers\Instructor.h">
      <Filter>Header Files</Filter>
    </ClInclude>
    <ClInclude Include="Headers\Dean.h">
      <Filter>Header Files</Filter>
    </ClInclude>
    <ClInclude Include="Headers\Classroom.h">
      <Filter>Header Files</Filter>
    </ClInclude>
    <ClInclude Include="Headers\Course.h">
      <Filter>Header Files</Filter>
    </ClInclude>
    <ClInclude Include="Headers\Comment.h">
      <Filter>Header Files</Filter>
    </ClInclude>
    <ClInclude Include="Headers\Student.h">
      <Filter>Header Files</Filter>
    </ClInclude>
    <ClInclude Include="Headers\Announcement.h">
      <Filter>Header Files</Filter>
    </ClInclude>
    <ClInclude Include="Headers\Assignment.h">
      <Filter>Header Files</Filter>
    </ClInclude>
    <ClInclude Include="Headers\Schedule.h">
      <Filter>Header Files</Filter>
    </ClInclude>
    <ClInclude Include="Headers\Petiton.h">
      <Filter>Header Files</Filter>
    </ClInclude>
    <ClInclude Include="Headers\Dashboard.h">
      <Filter>Header Files</Filter>
    </ClInclude>
    <ClInclude Include="Headers\Meeting.h">
      <Filter>Header Files</Filter>
    </ClInclude>
    <ClInclude Include="Headers\Task.h">
      <Filter>Header Files</Filter>
    </ClInclude>
    <ClInclude Include="Headers\Date.h">
      <Filter>Header Files</Filter>
    </ClInclude>
    <ClInclude Include="Headers\Message.h">
      <Filter>Header Files</Filter>
    </ClInclude>
    <ClInclude Include="Headers\Reply.h">
      <Filter>Header Files</Filter>
    </ClInclude>
  </ItemGroup>
  <ItemGroup>
    <None Include="ClassDiagram.cd" />
  </ItemGroup>
</Project>